// !$*UTF8*$!
{
	archiveVersion = 1;
	classes = {
	};
	objectVersion = 60;
	objects = {

/* Begin PBXBuildFile section */
		46C27D0A2CC42EC5005FA03A /* Viator_ZoesVersionApp.swift in Sources */ = {isa = PBXBuildFile; fileRef = 46C27D092CC42EC5005FA03A /* Viator_ZoesVersionApp.swift */; };
		46C27D0C2CC42EC5005FA03A /* ContentView.swift in Sources */ = {isa = PBXBuildFile; fileRef = 46C27D0B2CC42EC5005FA03A /* ContentView.swift */; };
		46C27D0E2CC42EC7005FA03A /* Assets.xcassets in Resources */ = {isa = PBXBuildFile; fileRef = 46C27D0D2CC42EC7005FA03A /* Assets.xcassets */; };
		46C27D112CC42EC7005FA03A /* Preview Assets.xcassets in Resources */ = {isa = PBXBuildFile; fileRef = 46C27D102CC42EC7005FA03A /* Preview Assets.xcassets */; };
		46C27D182CC42F0D005FA03A /* Viator.swift in Sources */ = {isa = PBXBuildFile; fileRef = 46C27D172CC42F0D005FA03A /* Viator.swift */; };
		46C27D352CC43641005FA03A /* Alamofire in Frameworks */ = {isa = PBXBuildFile; productRef = 46C27D342CC43641005FA03A /* Alamofire */; };
		46C27D372CC43641005FA03A /* AlamofireDynamic in Frameworks */ = {isa = PBXBuildFile; productRef = 46C27D362CC43641005FA03A /* AlamofireDynamic */; };
/* End PBXBuildFile section */

/* Begin PBXFileReference section */
		46C27D062CC42EC5005FA03A /* Viator_ZoesVersion.app */ = {isa = PBXFileReference; explicitFileType = wrapper.application; includeInIndex = 0; path = Viator_ZoesVersion.app; sourceTree = BUILT_PRODUCTS_DIR; };
		46C27D092CC42EC5005FA03A /* Viator_ZoesVersionApp.swift */ = {isa = PBXFileReference; lastKnownFileType = sourcecode.swift; path = Viator_ZoesVersionApp.swift; sourceTree = "<group>"; };
		46C27D0B2CC42EC5005FA03A /* ContentView.swift */ = {isa = PBXFileReference; lastKnownFileType = sourcecode.swift; path = ContentView.swift; sourceTree = "<group>"; };
		46C27D0D2CC42EC7005FA03A /* Assets.xcassets */ = {isa = PBXFileReference; lastKnownFileType = folder.assetcatalog; path = Assets.xcassets; sourceTree = "<group>"; };
		46C27D102CC42EC7005FA03A /* Preview Assets.xcassets */ = {isa = PBXFileReference; lastKnownFileType = folder.assetcatalog; path = "Preview Assets.xcassets"; sourceTree = "<group>"; };
		46C27D172CC42F0D005FA03A /* Viator.swift */ = {isa = PBXFileReference; lastKnownFileType = sourcecode.swift; path = Viator.swift; sourceTree = "<group>"; };
/* End PBXFileReference section */

/* Begin PBXFrameworksBuildPhase section */
		46C27D032CC42EC5005FA03A /* Frameworks */ = {
			isa = PBXFrameworksBuildPhase;
			buildActionMask = 2147483647;
			files = (
				46C27D352CC43641005FA03A /* Alamofire in Frameworks */,
				46C27D372CC43641005FA03A /* AlamofireDynamic in Frameworks */,
			);
			runOnlyForDeploymentPostprocessing = 0;
		};
/* End PBXFrameworksBuildPhase section */

/* Begin PBXGroup section */
		46C27CFD2CC42EC5005FA03A = {
			isa = PBXGroup;
			children = (
				46C27D082CC42EC5005FA03A /* Viator_ZoesVersion */,
				46C27D072CC42EC5005FA03A /* Products */,
			);
			sourceTree = "<group>";
		};
		46C27D072CC42EC5005FA03A /* Products */ = {
			isa = PBXGroup;
			children = (
				46C27D062CC42EC5005FA03A /* Viator_ZoesVersion.app */,
			);
			name = Products;
			sourceTree = "<group>";
		};
		46C27D082CC42EC5005FA03A /* Viator_ZoesVersion */ = {
			isa = PBXGroup;
			children = (
				46C27D092CC42EC5005FA03A /* Viator_ZoesVersionApp.swift */,
				46C27D0B2CC42EC5005FA03A /* ContentView.swift */,
				46C27D172CC42F0D005FA03A /* Viator.swift */,
				46C27D0D2CC42EC7005FA03A /* Assets.xcassets */,
				46C27D0F2CC42EC7005FA03A /* Preview Content */,
			);
			path = Viator_ZoesVersion;
			sourceTree = "<group>";
		};
		46C27D0F2CC42EC7005FA03A /* Preview Content */ = {
			isa = PBXGroup;
			children = (
				46C27D102CC42EC7005FA03A /* Preview Assets.xcassets */,
			);
			path = "Preview Content";
			sourceTree = "<group>";
		};
/* End PBXGroup section */

/* Begin PBXNativeTarget section */
		46C27D052CC42EC5005FA03A /* Viator_ZoesVersion */ = {
			isa = PBXNativeTarget;
			buildConfigurationList = 46C27D142CC42EC7005FA03A /* Build configuration list for PBXNativeTarget "Viator_ZoesVersion" */;
			buildPhases = (
				46C27D022CC42EC5005FA03A /* Sources */,
				46C27D032CC42EC5005FA03A /* Frameworks */,
				46C27D042CC42EC5005FA03A /* Resources */,
			);
			buildRules = (
			);
			dependencies = (
				46C27D2D2CC43286005FA03A /* PBXTargetDependency */,
				46C27D2B2CC43281005FA03A /* PBXTargetDependency */,
			);
			name = Viator_ZoesVersion;
			packageProductDependencies = (
				46C27D342CC43641005FA03A /* Alamofire */,
				46C27D362CC43641005FA03A /* AlamofireDynamic */,
			);
			productName = Viator_ZoesVersion;
			productReference = 46C27D062CC42EC5005FA03A /* Viator_ZoesVersion.app */;
			productType = "com.apple.product-type.application";
		};
/* End PBXNativeTarget section */

/* Begin PBXProject section */
		46C27CFE2CC42EC5005FA03A /* Project object */ = {
			isa = PBXProject;
			attributes = {
				BuildIndependentTargetsInParallel = 1;
				LastSwiftUpdateCheck = 1520;
				LastUpgradeCheck = 1520;
				TargetAttributes = {
					46C27D052CC42EC5005FA03A = {
						CreatedOnToolsVersion = 15.2;
					};
				};
			};
			buildConfigurationList = 46C27D012CC42EC5005FA03A /* Build configuration list for PBXProject "Viator_ZoesVersion" */;
			compatibilityVersion = "Xcode 15.0";
			developmentRegion = en;
			hasScannedForEncodings = 0;
			knownRegions = (
				en,
				Base,
			);
			mainGroup = 46C27CFD2CC42EC5005FA03A;
			packageReferences = (
				46C27D332CC43641005FA03A /* XCRemoteSwiftPackageReference "Alamofire" */,
			);
			productRefGroup = 46C27D072CC42EC5005FA03A /* Products */;
			projectDirPath = "";
			projectRoot = "";
			targets = (
				46C27D052CC42EC5005FA03A /* Viator_ZoesVersion */,
			);
		};
/* End PBXProject section */

/* Begin PBXResourcesBuildPhase section */
		46C27D042CC42EC5005FA03A /* Resources */ = {
			isa = PBXResourcesBuildPhase;
			buildActionMask = 2147483647;
			files = (
				46C27D112CC42EC7005FA03A /* Preview Assets.xcassets in Resources */,
				46C27D0E2CC42EC7005FA03A /* Assets.xcassets in Resources */,
			);
			runOnlyForDeploymentPostprocessing = 0;
		};
/* End PBXResourcesBuildPhase section */

/* Begin PBXSourcesBuildPhase section */
		46C27D022CC42EC5005FA03A /* Sources */ = {
			isa = PBXSourcesBuildPhase;
			buildActionMask = 2147483647;
			files = (
				46C27D182CC42F0D005FA03A /* Viator.swift in Sources */,
				46C27D0C2CC42EC5005FA03A /* ContentView.swift in Sources */,
				46C27D0A2CC42EC5005FA03A /* Viator_ZoesVersionApp.swift in Sources */,
			);
			runOnlyForDeploymentPostprocessing = 0;
		};
/* End PBXSourcesBuildPhase section */

/* Begin PBXTargetDependency section */
		46C27D2B2CC43281005FA03A /* PBXTargetDependency */ = {
			isa = PBXTargetDependency;
			productRef = 46C27D2A2CC43281005FA03A /* Alamofire */;
		};
		46C27D2D2CC43286005FA03A /* PBXTargetDependency */ = {
			isa = PBXTargetDependency;
			productRef = 46C27D2C2CC43286005FA03A /* AlamofireDynamic */;
		};
/* End PBXTargetDependency section */

/* Begin XCBuildConfiguration section */
		46C27D122CC42EC7005FA03A /* Debug */ = {
			isa = XCBuildConfiguration;
			buildSettings = {
				ALWAYS_SEARCH_USER_PATHS = NO;
				ASSETCATALOG_COMPILER_GENERATE_SWIFT_ASSET_SYMBOL_EXTENSIONS = YES;
				CLANG_ANALYZER_NONNULL = YES;
				CLANG_ANALYZER_NUMBER_OBJECT_CONVERSION = YES_AGGRESSIVE;
				CLANG_CXX_LANGUAGE_STANDARD = "gnu++20";
				CLANG_ENABLE_MODULES = YES;
				CLANG_ENABLE_OBJC_ARC = YES;
				CLANG_ENABLE_OBJC_WEAK = YES;
				CLANG_WARN_BLOCK_CAPTURE_AUTORELEASING = YES;
				CLANG_WARN_BOOL_CONVERSION = YES;
				CLANG_WARN_COMMA = YES;
				CLANG_WARN_CONSTANT_CONVERSION = YES;
				CLANG_WARN_DEPRECATED_OBJC_IMPLEMENTATIONS = YES;
				CLANG_WARN_DIRECT_OBJC_ISA_USAGE = YES_ERROR;
				CLANG_WARN_DOCUMENTATION_COMMENTS = YES;
				CLANG_WARN_EMPTY_BODY = YES;
				CLANG_WARN_ENUM_CONVERSION = YES;
				CLANG_WARN_INFINITE_RECURSION = YES;
				CLANG_WARN_INT_CONVERSION = YES;
				CLANG_WARN_NON_LITERAL_NULL_CONVERSION = YES;
				CLANG_WARN_OBJC_IMPLICIT_RETAIN_SELF = YES;
				CLANG_WARN_OBJC_LITERAL_CONVERSION = YES;
				CLANG_WARN_OBJC_ROOT_CLASS = YES_ERROR;
				CLANG_WARN_QUOTED_INCLUDE_IN_FRAMEWORK_HEADER = YES;
				CLANG_WARN_RANGE_LOOP_ANALYSIS = YES;
				CLANG_WARN_STRICT_PROTOTYPES = YES;
				CLANG_WARN_SUSPICIOUS_MOVE = YES;
				CLANG_WARN_UNGUARDED_AVAILABILITY = YES_AGGRESSIVE;
				CLANG_WARN_UNREACHABLE_CODE = YES;
				CLANG_WARN__DUPLICATE_METHOD_MATCH = YES;
				COPY_PHASE_STRIP = NO;
				DEBUG_INFORMATION_FORMAT = dwarf;
				ENABLE_STRICT_OBJC_MSGSEND = YES;
				ENABLE_TESTABILITY = YES;
				ENABLE_USER_SCRIPT_SANDBOXING = YES;
				GCC_C_LANGUAGE_STANDARD = gnu17;
				GCC_DYNAMIC_NO_PIC = NO;
				GCC_NO_COMMON_BLOCKS = YES;
				GCC_OPTIMIZATION_LEVEL = 0;
				GCC_PREPROCESSOR_DEFINITIONS = (
					"DEBUG=1",
					"$(inherited)",
				);
				GCC_WARN_64_TO_32_BIT_CONVERSION = YES;
				GCC_WARN_ABOUT_RETURN_TYPE = YES_ERROR;
				GCC_WARN_UNDECLARED_SELECTOR = YES;
				GCC_WARN_UNINITIALIZED_AUTOS = YES_AGGRESSIVE;
				GCC_WARN_UNUSED_FUNCTION = YES;
				GCC_WARN_UNUSED_VARIABLE = YES;
				IPHONEOS_DEPLOYMENT_TARGET = 17.2;
				LOCALIZATION_PREFERS_STRING_CATALOGS = YES;
				MTL_ENABLE_DEBUG_INFO = INCLUDE_SOURCE;
				MTL_FAST_MATH = YES;
				ONLY_ACTIVE_ARCH = YES;
				SDKROOT = iphoneos;
				SWIFT_ACTIVE_COMPILATION_CONDITIONS = "DEBUG $(inherited)";
				SWIFT_OPTIMIZATION_LEVEL = "-Onone";
			};
			name = Debug;
		};
		46C27D132CC42EC7005FA03A /* Release */ = {
			isa = XCBuildConfiguration;
			buildSettings = {
				ALWAYS_SEARCH_USER_PATHS = NO;
				ASSETCATALOG_COMPILER_GENERATE_SWIFT_ASSET_SYMBOL_EXTENSIONS = YES;
				CLANG_ANALYZER_NONNULL = YES;
				CLANG_ANALYZER_NUMBER_OBJECT_CONVERSION = YES_AGGRESSIVE;
				CLANG_CXX_LANGUAGE_STANDARD = "gnu++20";
				CLANG_ENABLE_MODULES = YES;
				CLANG_ENABLE_OBJC_ARC = YES;
				CLANG_ENABLE_OBJC_WEAK = YES;
				CLANG_WARN_BLOCK_CAPTURE_AUTORELEASING = YES;
				CLANG_WARN_BOOL_CONVERSION = YES;
				CLANG_WARN_COMMA = YES;
				CLANG_WARN_CONSTANT_CONVERSION = YES;
				CLANG_WARN_DEPRECATED_OBJC_IMPLEMENTATIONS = YES;
				CLANG_WARN_DIRECT_OBJC_ISA_USAGE = YES_ERROR;
				CLANG_WARN_DOCUMENTATION_COMMENTS = YES;
				CLANG_WARN_EMPTY_BODY = YES;
				CLANG_WARN_ENUM_CONVERSION = YES;
				CLANG_WARN_INFINITE_RECURSION = YES;
				CLANG_WARN_INT_CONVERSION = YES;
				CLANG_WARN_NON_LITERAL_NULL_CONVERSION = YES;
				CLANG_WARN_OBJC_IMPLICIT_RETAIN_SELF = YES;
				CLANG_WARN_OBJC_LITERAL_CONVERSION = YES;
				CLANG_WARN_OBJC_ROOT_CLASS = YES_ERROR;
				CLANG_WARN_QUOTED_INCLUDE_IN_FRAMEWORK_HEADER = YES;
				CLANG_WARN_RANGE_LOOP_ANALYSIS = YES;
				CLANG_WARN_STRICT_PROTOTYPES = YES;
				CLANG_WARN_SUSPICIOUS_MOVE = YES;
				CLANG_WARN_UNGUARDED_AVAILABILITY = YES_AGGRESSIVE;
				CLANG_WARN_UNREACHABLE_CODE = YES;
				CLANG_WARN__DUPLICATE_METHOD_MATCH = YES;
				COPY_PHASE_STRIP = NO;
				DEBUG_INFORMATION_FORMAT = "dwarf-with-dsym";
				ENABLE_NS_ASSERTIONS = NO;
				ENABLE_STRICT_OBJC_MSGSEND = YES;
				ENABLE_USER_SCRIPT_SANDBOXING = YES;
				GCC_C_LANGUAGE_STANDARD = gnu17;
				GCC_NO_COMMON_BLOCKS = YES;
				GCC_WARN_64_TO_32_BIT_CONVERSION = YES;
				GCC_WARN_ABOUT_RETURN_TYPE = YES_ERROR;
				GCC_WARN_UNDECLARED_SELECTOR = YES;
				GCC_WARN_UNINITIALIZED_AUTOS = YES_AGGRESSIVE;
				GCC_WARN_UNUSED_FUNCTION = YES;
				GCC_WARN_UNUSED_VARIABLE = YES;
				IPHONEOS_DEPLOYMENT_TARGET = 17.2;
				LOCALIZATION_PREFERS_STRING_CATALOGS = YES;
				MTL_ENABLE_DEBUG_INFO = NO;
				MTL_FAST_MATH = YES;
				SDKROOT = iphoneos;
				SWIFT_COMPILATION_MODE = wholemodule;
				VALIDATE_PRODUCT = YES;
			};
			name = Release;
		};
		46C27D152CC42EC7005FA03A /* Debug */ = {
			isa = XCBuildConfiguration;
			buildSettings = {
				ASSETCATALOG_COMPILER_APPICON_NAME = AppIcon;
				ASSETCATALOG_COMPILER_GLOBAL_ACCENT_COLOR_NAME = AccentColor;
				CODE_SIGN_STYLE = Automatic;
				CURRENT_PROJECT_VERSION = 1;
				DEVELOPMENT_ASSET_PATHS = "\"Viator_ZoesVersion/Preview Content\"";
				DEVELOPMENT_TEAM = CB392D5GFC;
				ENABLE_PREVIEWS = YES;
				GENERATE_INFOPLIST_FILE = YES;
				INFOPLIST_KEY_UIApplicationSceneManifest_Generation = YES;
				INFOPLIST_KEY_UIApplicationSupportsIndirectInputEvents = YES;
				INFOPLIST_KEY_UILaunchScreen_Generation = YES;
				INFOPLIST_KEY_UISupportedInterfaceOrientations_iPad = "UIInterfaceOrientationPortrait UIInterfaceOrientationPortraitUpsideDown UIInterfaceOrientationLandscapeLeft UIInterfaceOrientationLandscapeRight";
				INFOPLIST_KEY_UISupportedInterfaceOrientations_iPhone = "UIInterfaceOrientationPortrait UIInterfaceOrientationLandscapeLeft UIInterfaceOrientationLandscapeRight";
				LD_RUNPATH_SEARCH_PATHS = (
					"$(inherited)",
					"@executable_path/Frameworks",
				);
				MARKETING_VERSION = 1.0;
				PRODUCT_BUNDLE_IDENTIFIER = "-43.Viator-ZoesVersion";
				PRODUCT_NAME = "$(TARGET_NAME)";
				SWIFT_EMIT_LOC_STRINGS = YES;
				SWIFT_VERSION = 5.0;
				TARGETED_DEVICE_FAMILY = "1,2";
			};
			name = Debug;
		};
		46C27D162CC42EC7005FA03A /* Release */ = {
			isa = XCBuildConfiguration;
			buildSettings = {
				ASSETCATALOG_COMPILER_APPICON_NAME = AppIcon;
				ASSETCATALOG_COMPILER_GLOBAL_ACCENT_COLOR_NAME = AccentColor;
				CODE_SIGN_STYLE = Automatic;
				CURRENT_PROJECT_VERSION = 1;
				DEVELOPMENT_ASSET_PATHS = "\"Viator_ZoesVersion/Preview Content\"";
				DEVELOPMENT_TEAM = CB392D5GFC;
				ENABLE_PREVIEWS = YES;
				GENERATE_INFOPLIST_FILE = YES;
				INFOPLIST_KEY_UIApplicationSceneManifest_Generation = YES;
				INFOPLIST_KEY_UIApplicationSupportsIndirectInputEvents = YES;
				INFOPLIST_KEY_UILaunchScreen_Generation = YES;
				INFOPLIST_KEY_UISupportedInterfaceOrientations_iPad = "UIInterfaceOrientationPortrait UIInterfaceOrientationPortraitUpsideDown UIInterfaceOrientationLandscapeLeft UIInterfaceOrientationLandscapeRight";
				INFOPLIST_KEY_UISupportedInterfaceOrientations_iPhone = "UIInterfaceOrientationPortrait UIInterfaceOrientationLandscapeLeft UIInterfaceOrientationLandscapeRight";
				LD_RUNPATH_SEARCH_PATHS = (
					"$(inherited)",
					"@executable_path/Frameworks",
				);
				MARKETING_VERSION = 1.0;
				PRODUCT_BUNDLE_IDENTIFIER = "-43.Viator-ZoesVersion";
				PRODUCT_NAME = "$(TARGET_NAME)";
				SWIFT_EMIT_LOC_STRINGS = YES;
				SWIFT_VERSION = 5.0;
				TARGETED_DEVICE_FAMILY = "1,2";
			};
			name = Release;
		};
/* End XCBuildConfiguration section */

/* Begin XCConfigurationList section */
		46C27D012CC42EC5005FA03A /* Build configuration list for PBXProject "Viator_ZoesVersion" */ = {
			isa = XCConfigurationList;
			buildConfigurations = (
				46C27D122CC42EC7005FA03A /* Debug */,
				46C27D132CC42EC7005FA03A /* Release */,
			);
			defaultConfigurationIsVisible = 0;
			defaultConfigurationName = Release;
		};
		46C27D142CC42EC7005FA03A /* Build configuration list for PBXNativeTarget "Viator_ZoesVersion" */ = {
			isa = XCConfigurationList;
			buildConfigurations = (
				46C27D152CC42EC7005FA03A /* Debug */,
				46C27D162CC42EC7005FA03A /* Release */,
			);
			defaultConfigurationIsVisible = 0;
			defaultConfigurationName = Release;
		};
/* End XCConfigurationList section */

/* Begin XCRemoteSwiftPackageReference section */
		46C27D192CC42F49005FA03A /* XCRemoteSwiftPackageReference "Alamofire" */ = {
			isa = XCRemoteSwiftPackageReference;
			repositoryURL = "https://github.com/Alamofire/Alamofire.git";
			requirement = {
				kind = upToNextMajorVersion;
				minimumVersion = 5.10.0;
			};
		};
		46C27D332CC43641005FA03A /* XCRemoteSwiftPackageReference "Alamofire" */ = {
			isa = XCRemoteSwiftPackageReference;
			repositoryURL = "https://github.com/Alamofire/Alamofire.git";
			requirement = {
				kind = exactVersion;
				version = 5.9.1;
			};
		};
/* End XCRemoteSwiftPackageReference section */

/* Begin XCSwiftPackageProductDependency section */
		46C27D2A2CC43281005FA03A /* Alamofire */ = {
			isa = XCSwiftPackageProductDependency;
			package = 46C27D192CC42F49005FA03A /* XCRemoteSwiftPackageReference "Alamofire" */;
			productName = Alamofire;
		};
		46C27D2C2CC43286005FA03A /* AlamofireDynamic */ = {
			isa = XCSwiftPackageProductDependency;
			package = 46C27D192CC42F49005FA03A /* XCRemoteSwiftPackageReference "Alamofire" */;
			productName = AlamofireDynamic;
		};
		46C27D342CC43641005FA03A /* Alamofire */ = {
			isa = XCSwiftPackageProductDependency;
			package = 46C27D332CC43641005FA03A /* XCRemoteSwiftPackageReference "Alamofire" */;
			productName = Alamofire;
		};
		46C27D362CC43641005FA03A /* AlamofireDynamic */ = {
			isa = XCSwiftPackageProductDependency;
			package = 46C27D332CC43641005FA03A /* XCRemoteSwiftPackageReference "Alamofire" */;
			productName = AlamofireDynamic;
		};
/* End XCSwiftPackageProductDependency section */
	};
	rootObject = 46C27CFE2CC42EC5005FA03A /* Project object */;
}
